%{
  "connection": {:hex, :connection, "1.0.4", "a1cae72211f0eef17705aaededacac3eb30e6625b04a6117c1b2db6ace7d5976", [:mix], []},
  "earmark": {:hex, :earmark, "1.0.1", "2c2cd903bfdc3de3f189bd9a8d4569a075b88a8981ded9a0d95672f6e2b63141", [:mix], [], "hexpm", "db7b13d74a9edc54d3681762154d164d4a661cd27673cca80760344449877664"},
  "ex_doc": {:hex, :ex_doc, "0.13.1", "658dbfc8cc5b0fac192f0f3254efe66ee6294200804a291549e0aeb052053bba", [:mix], [{:earmark, "~> 1.0", [hex: :earmark, repo: "hexpm", optional: false]}], "hexpm", "7517099a6041dc859b87e15ca9afb9e2462c5963425bfbc5b28b6ef9a1377000"},
  "ex_spec": {:hex, :ex_spec, "2.0.0", "7fedc6f3f7fe9b5bc14f17f94199cac4d2abe389727291467ee7708dcf6544a0", [:mix], [], "hexpm", "a6663127d20fb47bc3faa2d87df409125a150916916c6845d1663c3a706d885c"},
  "nimble_options": {:hex, :nimble_options, "1.0.2", "92098a74df0072ff37d0c12ace58574d26880e522c22801437151a159392270e", [:mix], [], "hexpm", "fd12a8db2021036ce12a309f26f564ec367373265b53e25403f0ee697380f1b8"},
  "poison": {:hex, :poison, "1.5.2", "560bdfb7449e3ddd23a096929fb9fc2122f709bcc758b2d5d5a5c7d0ea848910", [:mix], [], "hexpm", "4afc59dcadf71be7edc8b934b39f554ec7b31e2b1b1a4767383a663f86958ce3"},
  "poolboy": {:hex, :poolboy, "1.5.1", "6b46163901cfd0a1b43d692657ed9d7e599853b3b21b95ae5ae0a777cf9b6ca8", [:rebar], [], "hexpm", "8f7168911120e13419e086e78d20e4d1a6776f1eee2411ac9f790af10813389f"},
  "redix": {:hex, :redix, "1.3.0", "f4121163ff9d73bf72157539ff23b13e38422284520bb58c05e014b19d6f0577", [:mix], [{:castore, "~> 0.1.0 or ~> 1.0", [hex: :castore, repo: "hexpm", optional: true]}, {:nimble_options, "~> 0.5.0 or ~> 1.0", [hex: :nimble_options, repo: "hexpm", optional: false]}, {:telemetry, "~> 0.4.0 or ~> 1.0", [hex: :telemetry, repo: "hexpm", optional: false]}], "hexpm", "60d483d320c77329c8cbd3df73007e51b23f3fae75b7693bc31120d83ab26131"},
  "telemetry": {:hex, :telemetry, "1.2.1", "68fdfe8d8f05a8428483a97d7aab2f268aaff24b49e0f599faa091f1d4e7f61c", [:rebar3], [], "hexpm", "dad9ce9d8effc621708f99eac538ef1cbe05d6a874dd741de2e689c47feafed5"},
}
